
Microsoft Visual Studio Solution File, Format Version 12.00
# Visual Studio Version 17
VisualStudioVersion = 17.7.34221.43
MinimumVisualStudioVersion = 10.0.40219.1
Project("{8BC9CEB8-8B4A-11D0-8D11-00A0C91BC942}") = "alga_01", "alga_01.vcxproj", "{3D9B9031-7CDF-41DA-A5B9-9BAD32F6D41B}"
EndProject
Global
	GlobalSection(SolutionConfigurationPlatforms) = preSolution
		Debug|x64 = Debug|x64
		Debug|x86 = Debug|x86
		Release|x64 = Release|x64
		Release|x86 = Release|x86
	EndGlobalSection
	GlobalSection(ProjectConfigurationPlatforms) = postSolution
		{3D9B9031-7CDF-41DA-A5B9-9BAD32F6D41B}.Debug|x64.ActiveCfg = Debug|x64
		{3D9B9031-7CDF-41DA-A5B9-9BAD32F6D41B}.Debug|x64.Build.0 = Debug|x64
		{3D9B9031-7CDF-41DA-A5B9-9BAD32F6D41B}.Debug|x86.ActiveCfg = Debug|Win32
		{3D9B9031-7CDF-41DA-A5B9-9BAD32F6D41B}.Debug|x86.Build.0 = Debug|Win32
		{3D9B9031-7CDF-41DA-A5B9-9BAD32F6D41B}.Release|x64.ActiveCfg = Release|x64
		{3D9B9031-7CDF-41DA-A5B9-9BAD32F6D41B}.Release|x64.Build.0 = Release|x64
		{3D9B9031-7CDF-41DA-A5B9-9BAD32F6D41B}.Release|x86.ActiveCfg = Release|Win32
		{3D9B9031-7CDF-41DA-A5B9-9BAD32F6D41B}.Release|x86.Build.0 = Release|Win32
	EndGlobalSection
	GlobalSection(SolutionProperties) = preSolution
		HideSolutionNode = FALSE
	EndGlobalSection
	GlobalSection(ExtensibilityGlobals) = postSolution
		SolutionGuid = {33DA2D9E-EA6D-4F10-9A5F-53BA05B4D9EC}
	EndGlobalSection
EndGlobal
